{
  "requires": true,
  "lockfileVersion": 1,
  "dependencies": {
    "vue-draggable-resizable": {
      "version": "2.1.0",
      "resolved": "https://registry.npm.taobao.org/vue-draggable-resizable/download/vue-draggable-resizable-2.1.0.tgz",
      "integrity": "sha1-tZAhKu88B9BArs7aeEQ4BoFw+wg="
    }
  }
}
